# THIS IS AN AUTOGENERATED FILE. DO NOT EDIT THIS FILE DIRECTLY.
# yarn lockfile v1


"@floating-ui/core@^1.6.0":
  version "1.6.9"
  resolved "https://registry.yarnpkg.com/@floating-ui/core/-/core-1.6.9.tgz#64d1da251433019dafa091de9b2886ff35ec14e6"
  integrity sha512-uMXCuQ3BItDUbAMhIXw7UPXRfAlOAvZzdK9BWpE60MCn+Svt3aLn9jsPTi/WNGlRUu2uI0v5S7JiIUsbsvh3fw==
  dependencies:
    "@floating-ui/utils" "^0.2.9"

"@floating-ui/dom@^1.0.0":
  version "1.6.13"
  resolved "https://registry.yarnpkg.com/@floating-ui/dom/-/dom-1.6.13.tgz#a8a938532aea27a95121ec16e667a7cbe8c59e34"
  integrity sha512-umqzocjDgNRGTuO7Q8CU32dkHkECqI8ZdMZ5Swb6QAM0t5rnlrN3lGo1hdpscRd3WS8T6DKYK4ephgIH9iRh3w==
  dependencies:
    "@floating-ui/core" "^1.6.0"
    "@floating-ui/utils" "^0.2.9"

"@floating-ui/react-dom@^2.1.2":
  version "2.1.2"
  resolved "https://registry.yarnpkg.com/@floating-ui/react-dom/-/react-dom-2.1.2.tgz#a1349bbf6a0e5cb5ded55d023766f20a4d439a31"
  integrity sha512-06okr5cgPzMNBy+Ycse2A6udMi4bqwW/zgBF/rwjcNqWkyr82Mcg8b0vjX8OJpZFy/FKjJmw6wV7t44kK6kW7A==
  dependencies:
    "@floating-ui/dom" "^1.0.0"

"@floating-ui/react@^0.27.0":
  version "0.27.3"
  resolved "https://registry.yarnpkg.com/@floating-ui/react/-/react-0.27.3.tgz#f9a30583eddd5770f3a6e1f3479a258f3df0c8c8"
  integrity sha512-CLHnes3ixIFFKVQDdICjel8muhFLOBdQH7fgtHNPY8UbCNqbeKZ262G7K66lGQOUQWWnYocf7ZbUsLJgGfsLHg==
  dependencies:
    "@floating-ui/react-dom" "^2.1.2"
    "@floating-ui/utils" "^0.2.9"
    tabbable "^6.0.0"

"@floating-ui/utils@^0.2.9":
  version "0.2.9"
  resolved "https://registry.yarnpkg.com/@floating-ui/utils/-/utils-0.2.9.tgz#50dea3616bc8191fb8e112283b49eaff03e78429"
  integrity sha512-MDWhGtE+eHw5JW7lq4qhc5yRLS11ERl1c7Z6Xd0a58DozHES6EnNNwUWbMiG4J9Cgj053Bhk8zvlhFYKVhULwg==

"@types/react-datepicker@^7.0.0":
  version "7.0.0"
  resolved "https://registry.yarnpkg.com/@types/react-datepicker/-/react-datepicker-7.0.0.tgz#1d36553a92546246f1e10d862b3cfa7d295dff01"
  integrity sha512-4tWwOUq589tozyQPBVEqGNng5DaZkomx5IVNuur868yYdgjH6RaL373/HKiVt1IDoNNXYiTGspm1F7kjrarM8Q==
  dependencies:
    react-datepicker "*"

clsx@^2.1.1:
  version "2.1.1"
  resolved "https://registry.yarnpkg.com/clsx/-/clsx-2.1.1.tgz#eed397c9fd8bd882bfb18deab7102049a2f32999"
  integrity sha512-eYm0QWBtUrBWZWG0d386OGAw16Z995PiOVo2B7bjWSbHedGl5e0ZWaq65kOGgUSNesEIDkB9ISbTg/JK9dhCZA==

date-fns@^3.6.0:
  version "3.6.0"
  resolved "https://registry.yarnpkg.com/date-fns/-/date-fns-3.6.0.tgz#f20ca4fe94f8b754951b24240676e8618c0206bf"
  integrity sha512-fRHTG8g/Gif+kSh50gaGEdToemgfj74aRX3swtiouboip5JDLAyDE9F11nHMIcvOaXeOC6D7SpNhi7uFyB7Uww==

react-datepicker@*, react-datepicker@^7.6.0:
  version "7.6.0"
  resolved "https://registry.yarnpkg.com/react-datepicker/-/react-datepicker-7.6.0.tgz#6171988c6a9dbd4f49a45a06e3510035884b6b74"
  integrity sha512-9cQH6Z/qa4LrGhzdc3XoHbhrxNcMi9MKjZmYgF/1MNNaJwvdSjv3Xd+jjvrEEbKEf71ZgCA3n7fQbdwd70qCRw==
  dependencies:
    "@floating-ui/react" "^0.27.0"
    clsx "^2.1.1"
    date-fns "^3.6.0"

tabbable@^6.0.0:
  version "6.2.0"
  resolved "https://registry.yarnpkg.com/tabbable/-/tabbable-6.2.0.tgz#732fb62bc0175cfcec257330be187dcfba1f3b97"
  integrity sha512-Cat63mxsVJlzYvN51JmVXIgNoUokrIaT2zLclCXjRd8boZ0004U4KCs/sToJ75C6sdlByWxpYnb5Boif1VSFew==
